
Microsoft Visual Studio Solution File, Format Version 12.00
# Visual Studio Version 17
VisualStudioVersion = 17.7.34024.191
MinimumVisualStudioVersion = 10.0.40219.1
Project("{8BC9CEB8-8B4A-11D0-8D11-00A0C91BC942}") = "my17_3", "my17_3\my17_3.vcxproj", "{1658FD35-D628-42A5-8C5F-2615C2C27684}"
EndProject
Global
	GlobalSection(SolutionConfigurationPlatforms) = preSolution
		Debug|x64 = Debug|x64
		Debug|x86 = Debug|x86
		Release|x64 = Release|x64
		Release|x86 = Release|x86
	EndGlobalSection
	GlobalSection(ProjectConfigurationPlatforms) = postSolution
		{1658FD35-D628-42A5-8C5F-2615C2C27684}.Debug|x64.ActiveCfg = Debug|x64
		{1658FD35-D628-42A5-8C5F-2615C2C27684}.Debug|x64.Build.0 = Debug|x64
		{1658FD35-D628-42A5-8C5F-2615C2C27684}.Debug|x86.ActiveCfg = Debug|Win32
		{1658FD35-D628-42A5-8C5F-2615C2C27684}.Debug|x86.Build.0 = Debug|Win32
		{1658FD35-D628-42A5-8C5F-2615C2C27684}.Release|x64.ActiveCfg = Release|x64
		{1658FD35-D628-42A5-8C5F-2615C2C27684}.Release|x64.Build.0 = Release|x64
		{1658FD35-D628-42A5-8C5F-2615C2C27684}.Release|x86.ActiveCfg = Release|Win32
		{1658FD35-D628-42A5-8C5F-2615C2C27684}.Release|x86.Build.0 = Release|Win32
	EndGlobalSection
	GlobalSection(SolutionProperties) = preSolution
		HideSolutionNode = FALSE
	EndGlobalSection
	GlobalSection(ExtensibilityGlobals) = postSolution
		SolutionGuid = {41EBE221-2B1E-43EE-82FD-FD2DEEFCE83D}
	EndGlobalSection
EndGlobal
